
Microsoft Visual Studio Solution File, Format Version 12.00
# Visual Studio Version 17
VisualStudioVersion = 17.9.34728.123
MinimumVisualStudioVersion = 10.0.40219.1
Project("{FAE04EC0-301F-11D3-BF4B-00C04F79EFBC}") = "temperature-api", "temperature-api\temperature-api.csproj", "{E39C9BC7-A568-4E71-8966-475258A1AC52}"
EndProject
Project("{2150E333-8FDC-42A3-9474-1A3956D46DE8}") = "Solution Items", "Solution Items", "{A1320608-4046-4311-AA7E-3BD9DAB75D0B}"
	ProjectSection(SolutionItems) = preProject
		Dockerfile = Dockerfile
	EndProjectSection
EndProject
Global
	GlobalSection(SolutionConfigurationPlatforms) = preSolution
		Debug|Any CPU = Debug|Any CPU
		Release|Any CPU = Release|Any CPU
	EndGlobalSection
	GlobalSection(ProjectConfigurationPlatforms) = postSolution
		{E39C9BC7-A568-4E71-8966-475258A1AC52}.Debug|Any CPU.ActiveCfg = Debug|Any CPU
		{E39C9BC7-A568-4E71-8966-475258A1AC52}.Debug|Any CPU.Build.0 = Debug|Any CPU
		{E39C9BC7-A568-4E71-8966-475258A1AC52}.Release|Any CPU.ActiveCfg = Release|Any CPU
		{E39C9BC7-A568-4E71-8966-475258A1AC52}.Release|Any CPU.Build.0 = Release|Any CPU
	EndGlobalSection
	GlobalSection(SolutionProperties) = preSolution
		HideSolutionNode = FALSE
	EndGlobalSection
	GlobalSection(ExtensibilityGlobals) = postSolution
		SolutionGuid = {19E7E9C5-E195-4682-9523-AC12AC1E564B}
	EndGlobalSection
EndGlobal
